
Microsoft Visual Studio Solution File, Format Version 12.00
# Visual Studio Version 17
VisualStudioVersion = 17.7.34024.191
MinimumVisualStudioVersion = 10.0.40219.1
Project("{FAE04EC0-301F-11D3-BF4B-00C04F79EFBC}") = "CW16_C_Sharp", "CW16_C_Sharp\CW16_C_Sharp.csproj", "{488E62B8-BD16-4CAF-9CCE-57F97226F7BF}"
EndProject
Global
	GlobalSection(SolutionConfigurationPlatforms) = preSolution
		Debug|Any CPU = Debug|Any CPU
		Release|Any CPU = Release|Any CPU
	EndGlobalSection
	GlobalSection(ProjectConfigurationPlatforms) = postSolution
		{488E62B8-BD16-4CAF-9CCE-57F97226F7BF}.Debug|Any CPU.ActiveCfg = Debug|Any CPU
		{488E62B8-BD16-4CAF-9CCE-57F97226F7BF}.Debug|Any CPU.Build.0 = Debug|Any CPU
		{488E62B8-BD16-4CAF-9CCE-57F97226F7BF}.Release|Any CPU.ActiveCfg = Release|Any CPU
		{488E62B8-BD16-4CAF-9CCE-57F97226F7BF}.Release|Any CPU.Build.0 = Release|Any CPU
	EndGlobalSection
	GlobalSection(SolutionProperties) = preSolution
		HideSolutionNode = FALSE
	EndGlobalSection
	GlobalSection(ExtensibilityGlobals) = postSolution
		SolutionGuid = {BD713996-3320-4646-8EDE-6386C8241EFB}
	EndGlobalSection
EndGlobal
